// !$*UTF8*$!
{
	archiveVersion = 1;
	classes = {
	};
	objectVersion = 55;
	objects = {

/* Begin PBXBuildFile section */
		20D49CCC287E962F0046E07D /* AppDelegate.swift in Sources */ = {isa = PBXBuildFile; fileRef = 20D49CCB287E962F0046E07D /* AppDelegate.swift */; };
		20D49CCE287E962F0046E07D /* SceneDelegate.swift in Sources */ = {isa = PBXBuildFile; fileRef = 20D49CCD287E962F0046E07D /* SceneDelegate.swift */; };
		20D49CD0287E962F0046E07D /* ViewController.swift in Sources */ = {isa = PBXBuildFile; fileRef = 20D49CCF287E962F0046E07D /* ViewController.swift */; };
		20D49CD3287E962F0046E07D /* Main.storyboard in Resources */ = {isa = PBXBuildFile; fileRef = 20D49CD1287E962F0046E07D /* Main.storyboard */; };
		20D49CD5287E96300046E07D /* Assets.xcassets in Resources */ = {isa = PBXBuildFile; fileRef = 20D49CD4287E96300046E07D /* Assets.xcassets */; };
		20D49CD8287E96300046E07D /* LaunchScreen.storyboard in Resources */ = {isa = PBXBuildFile; fileRef = 20D49CD6287E96300046E07D /* LaunchScreen.storyboard */; };
		20D49CE0287E993E0046E07D /* CommentCell.swift in Sources */ = {isa = PBXBuildFile; fileRef = 20D49CDF287E993E0046E07D /* CommentCell.swift */; };
		20D49CE2287E9B060046E07D /* CommentFlowLayout.swift in Sources */ = {isa = PBXBuildFile; fileRef = 20D49CE1287E9B060046E07D /* CommentFlowLayout.swift */; };
		20D49CE4287E9F8A0046E07D /* SecondVC.swift in Sources */ = {isa = PBXBuildFile; fileRef = 20D49CE3287E9F8A0046E07D /* SecondVC.swift */; };
		20D49CE6287EA0090046E07D /* FeedCell.swift in Sources */ = {isa = PBXBuildFile; fileRef = 20D49CE5287EA0090046E07D /* FeedCell.swift */; };
		20D49CE8287EA0790046E07D /* PinterestLayout.swift in Sources */ = {isa = PBXBuildFile; fileRef = 20D49CE7287EA0790046E07D /* PinterestLayout.swift */; };
		20D49CEA287EA2270046E07D /* Photo.swift in Sources */ = {isa = PBXBuildFile; fileRef = 20D49CE9287EA2270046E07D /* Photo.swift */; };
/* End PBXBuildFile section */

/* Begin PBXFileReference section */
		20D49CC8287E962F0046E07D /* CollectionViewDynamicSize.app */ = {isa = PBXFileReference; explicitFileType = wrapper.application; includeInIndex = 0; path = CollectionViewDynamicSize.app; sourceTree = BUILT_PRODUCTS_DIR; };
		20D49CCB287E962F0046E07D /* AppDelegate.swift */ = {isa = PBXFileReference; lastKnownFileType = sourcecode.swift; path = AppDelegate.swift; sourceTree = "<group>"; };
		20D49CCD287E962F0046E07D /* SceneDelegate.swift */ = {isa = PBXFileReference; lastKnownFileType = sourcecode.swift; path = SceneDelegate.swift; sourceTree = "<group>"; };
		20D49CCF287E962F0046E07D /* ViewController.swift */ = {isa = PBXFileReference; lastKnownFileType = sourcecode.swift; path = ViewController.swift; sourceTree = "<group>"; };
		20D49CD2287E962F0046E07D /* Base */ = {isa = PBXFileReference; lastKnownFileType = file.storyboard; name = Base; path = Base.lproj/Main.storyboard; sourceTree = "<group>"; };
		20D49CD4287E96300046E07D /* Assets.xcassets */ = {isa = PBXFileReference; lastKnownFileType = folder.assetcatalog; path = Assets.xcassets; sourceTree = "<group>"; };
		20D49CD7287E96300046E07D /* Base */ = {isa = PBXFileReference; lastKnownFileType = file.storyboard; name = Base; path = Base.lproj/LaunchScreen.storyboard; sourceTree = "<group>"; };
		20D49CD9287E96300046E07D /* Info.plist */ = {isa = PBXFileReference; lastKnownFileType = text.plist.xml; path = Info.plist; sourceTree = "<group>"; };
		20D49CDF287E993E0046E07D /* CommentCell.swift */ = {isa = PBXFileReference; lastKnownFileType = sourcecode.swift; path = CommentCell.swift; sourceTree = "<group>"; };
		20D49CE1287E9B060046E07D /* CommentFlowLayout.swift */ = {isa = PBXFileReference; lastKnownFileType = sourcecode.swift; path = CommentFlowLayout.swift; sourceTree = "<group>"; };
		20D49CE3287E9F8A0046E07D /* SecondVC.swift */ = {isa = PBXFileReference; lastKnownFileType = sourcecode.swift; path = SecondVC.swift; sourceTree = "<group>"; };
		20D49CE5287EA0090046E07D /* FeedCell.swift */ = {isa = PBXFileReference; lastKnownFileType = sourcecode.swift; path = FeedCell.swift; sourceTree = "<group>"; };
		20D49CE7287EA0790046E07D /* PinterestLayout.swift */ = {isa = PBXFileReference; lastKnownFileType = sourcecode.swift; path = PinterestLayout.swift; sourceTree = "<group>"; };
		20D49CE9287EA2270046E07D /* Photo.swift */ = {isa = PBXFileReference; lastKnownFileType = sourcecode.swift; path = Photo.swift; sourceTree = "<group>"; };
/* End PBXFileReference section */

/* Begin PBXFrameworksBuildPhase section */
		20D49CC5287E962F0046E07D /* Frameworks */ = {
			isa = PBXFrameworksBuildPhase;
			buildActionMask = 2147483647;
			files = (
			);
			runOnlyForDeploymentPostprocessing = 0;
		};
/* End PBXFrameworksBuildPhase section */

/* Begin PBXGroup section */
		20D49CBF287E962F0046E07D = {
			isa = PBXGroup;
			children = (
				20D49CCA287E962F0046E07D /* CollectionViewDynamicSize */,
				20D49CC9287E962F0046E07D /* Products */,
			);
			sourceTree = "<group>";
		};
		20D49CC9287E962F0046E07D /* Products */ = {
			isa = PBXGroup;
			children = (
				20D49CC8287E962F0046E07D /* CollectionViewDynamicSize.app */,
			);
			name = Products;
			sourceTree = "<group>";
		};
		20D49CCA287E962F0046E07D /* CollectionViewDynamicSize */ = {
			isa = PBXGroup;
			children = (
				20D49CCB287E962F0046E07D /* AppDelegate.swift */,
				20D49CCD287E962F0046E07D /* SceneDelegate.swift */,
				20D49CCF287E962F0046E07D /* ViewController.swift */,
				20D49CD1287E962F0046E07D /* Main.storyboard */,
				20D49CD4287E96300046E07D /* Assets.xcassets */,
				20D49CD6287E96300046E07D /* LaunchScreen.storyboard */,
				20D49CD9287E96300046E07D /* Info.plist */,
				20D49CDF287E993E0046E07D /* CommentCell.swift */,
				20D49CE1287E9B060046E07D /* CommentFlowLayout.swift */,
				20D49CE3287E9F8A0046E07D /* SecondVC.swift */,
				20D49CE5287EA0090046E07D /* FeedCell.swift */,
				20D49CE7287EA0790046E07D /* PinterestLayout.swift */,
				20D49CE9287EA2270046E07D /* Photo.swift */,
			);
			path = CollectionViewDynamicSize;
			sourceTree = "<group>";
		};
/* End PBXGroup section */

/* Begin PBXNativeTarget section */
		20D49CC7287E962F0046E07D /* CollectionViewDynamicSize */ = {
			isa = PBXNativeTarget;
			buildConfigurationList = 20D49CDC287E96300046E07D /* Build configuration list for PBXNativeTarget "CollectionViewDynamicSize" */;
			buildPhases = (
				20D49CC4287E962F0046E07D /* Sources */,
				20D49CC5287E962F0046E07D /* Frameworks */,
				20D49CC6287E962F0046E07D /* Resources */,
			);
			buildRules = (
			);
			dependencies = (
			);
			name = CollectionViewDynamicSize;
			productName = CollectionViewDynamicSize;
			productReference = 20D49CC8287E962F0046E07D /* CollectionViewDynamicSize.app */;
			productType = "com.apple.product-type.application";
		};
/* End PBXNativeTarget section */

/* Begin PBXProject section */
		20D49CC0287E962F0046E07D /* Project object */ = {
			isa = PBXProject;
			attributes = {
				BuildIndependentTargetsInParallel = 1;
				LastSwiftUpdateCheck = 1330;
				LastUpgradeCheck = 1330;
				TargetAttributes = {
					20D49CC7287E962F0046E07D = {
						CreatedOnToolsVersion = 13.3.1;
					};
				};
			};
			buildConfigurationList = 20D49CC3287E962F0046E07D /* Build configuration list for PBXProject "CollectionViewDynamicSize" */;
			compatibilityVersion = "Xcode 13.0";
			developmentRegion = en;
			hasScannedForEncodings = 0;
			knownRegions = (
				en,
				Base,
			);
			mainGroup = 20D49CBF287E962F0046E07D;
			productRefGroup = 20D49CC9287E962F0046E07D /* Products */;
			projectDirPath = "";
			projectRoot = "";
			targets = (
				20D49CC7287E962F0046E07D /* CollectionViewDynamicSize */,
			);
		};
/* End PBXProject section */

/* Begin PBXResourcesBuildPhase section */
		20D49CC6287E962F0046E07D /* Resources */ = {
			isa = PBXResourcesBuildPhase;
			buildActionMask = 2147483647;
			files = (
				20D49CD8287E96300046E07D /* LaunchScreen.storyboard in Resources */,
				20D49CD5287E96300046E07D /* Assets.xcassets in Resources */,
				20D49CD3287E962F0046E07D /* Main.storyboard in Resources */,
			);
			runOnlyForDeploymentPostprocessing = 0;
		};
/* End PBXResourcesBuildPhase section */

/* Begin PBXSourcesBuildPhase section */
		20D49CC4287E962F0046E07D /* Sources */ = {
			isa = PBXSourcesBuildPhase;
			buildActionMask = 2147483647;
			files = (
				20D49CE6287EA0090046E07D /* FeedCell.swift in Sources */,
				20D49CD0287E962F0046E07D /* ViewController.swift in Sources */,
				20D49CE2287E9B060046E07D /* CommentFlowLayout.swift in Sources */,
				20D49CEA287EA2270046E07D /* Photo.swift in Sources */,
				20D49CCC287E962F0046E07D /* AppDelegate.swift in Sources */,
				20D49CE8287EA0790046E07D /* PinterestLayout.swift in Sources */,
				20D49CCE287E962F0046E07D /* SceneDelegate.swift in Sources */,
				20D49CE4287E9F8A0046E07D /* SecondVC.swift in Sources */,
				20D49CE0287E993E0046E07D /* CommentCell.swift in Sources */,
			);
			runOnlyForDeploymentPostprocessing = 0;
		};
/* End PBXSourcesBuildPhase section */

/* Begin PBXVariantGroup section */
		20D49CD1287E962F0046E07D /* Main.storyboard */ = {
			isa = PBXVariantGroup;
			children = (
				20D49CD2287E962F0046E07D /* Base */,
			);
			name = Main.storyboard;
			sourceTree = "<group>";
		};
		20D49CD6287E96300046E07D /* LaunchScreen.storyboard */ = {
			isa = PBXVariantGroup;
			children = (
				20D49CD7287E96300046E07D /* Base */,
			);
			name = LaunchScreen.storyboard;
			sourceTree = "<group>";
		};
/* End PBXVariantGroup section */

/* Begin XCBuildConfiguration section */
		20D49CDA287E96300046E07D /* Debug */ = {
			isa = XCBuildConfiguration;
			buildSettings = {
				ALWAYS_SEARCH_USER_PATHS = NO;
				CLANG_ANALYZER_NONNULL = YES;
				CLANG_ANALYZER_NUMBER_OBJECT_CONVERSION = YES_AGGRESSIVE;
				CLANG_CXX_LANGUAGE_STANDARD = "gnu++17";
				CLANG_ENABLE_MODULES = YES;
				CLANG_ENABLE_OBJC_ARC = YES;
				CLANG_ENABLE_OBJC_WEAK = YES;
				CLANG_WARN_BLOCK_CAPTURE_AUTORELEASING = YES;
				CLANG_WARN_BOOL_CONVERSION = YES;
				CLANG_WARN_COMMA = YES;
				CLANG_WARN_CONSTANT_CONVERSION = YES;
				CLANG_WARN_DEPRECATED_OBJC_IMPLEMENTATIONS = YES;
				CLANG_WARN_DIRECT_OBJC_ISA_USAGE = YES_ERROR;
				CLANG_WARN_DOCUMENTATION_COMMENTS = YES;
				CLANG_WARN_EMPTY_BODY = YES;
				CLANG_WARN_ENUM_CONVERSION = YES;
				CLANG_WARN_INFINITE_RECURSION = YES;
				CLANG_WARN_INT_CONVERSION = YES;
				CLANG_WARN_NON_LITERAL_NULL_CONVERSION = YES;
				CLANG_WARN_OBJC_IMPLICIT_RETAIN_SELF = YES;
				CLANG_WARN_OBJC_LITERAL_CONVERSION = YES;
				CLANG_WARN_OBJC_ROOT_CLASS = YES_ERROR;
				CLANG_WARN_QUOTED_INCLUDE_IN_FRAMEWORK_HEADER = YES;
				CLANG_WARN_RANGE_LOOP_ANALYSIS = YES;
				CLANG_WARN_STRICT_PROTOTYPES = YES;
				CLANG_WARN_SUSPICIOUS_MOVE = YES;
				CLANG_WARN_UNGUARDED_AVAILABILITY = YES_AGGRESSIVE;
				CLANG_WARN_UNREACHABLE_CODE = YES;
				CLANG_WARN__DUPLICATE_METHOD_MATCH = YES;
				COPY_PHASE_STRIP = NO;
				DEBUG_INFORMATION_FORMAT = dwarf;
				ENABLE_STRICT_OBJC_MSGSEND = YES;
				ENABLE_TESTABILITY = YES;
				GCC_C_LANGUAGE_STANDARD = gnu11;
				GCC_DYNAMIC_NO_PIC = NO;
				GCC_NO_COMMON_BLOCKS = YES;
				GCC_OPTIMIZATION_LEVEL = 0;
				GCC_PREPROCESSOR_DEFINITIONS = (
					"DEBUG=1",
					"$(inherited)",
				);
				GCC_WARN_64_TO_32_BIT_CONVERSION = YES;
				GCC_WARN_ABOUT_RETURN_TYPE = YES_ERROR;
				GCC_WARN_UNDECLARED_SELECTOR = YES;
				GCC_WARN_UNINITIALIZED_AUTOS = YES_AGGRESSIVE;
				GCC_WARN_UNUSED_FUNCTION = YES;
				GCC_WARN_UNUSED_VARIABLE = YES;
				IPHONEOS_DEPLOYMENT_TARGET = 15.4;
				MTL_ENABLE_DEBUG_INFO = INCLUDE_SOURCE;
				MTL_FAST_MATH = YES;
				ONLY_ACTIVE_ARCH = YES;
				SDKROOT = iphoneos;
				SWIFT_ACTIVE_COMPILATION_CONDITIONS = DEBUG;
				SWIFT_OPTIMIZATION_LEVEL = "-Onone";
			};
			name = Debug;
		};
		20D49CDB287E96300046E07D /* Release */ = {
			isa = XCBuildConfiguration;
			buildSettings = {
				ALWAYS_SEARCH_USER_PATHS = NO;
				CLANG_ANALYZER_NONNULL = YES;
				CLANG_ANALYZER_NUMBER_OBJECT_CONVERSION = YES_AGGRESSIVE;
				CLANG_CXX_LANGUAGE_STANDARD = "gnu++17";
				CLANG_ENABLE_MODULES = YES;
				CLANG_ENABLE_OBJC_ARC = YES;
				CLANG_ENABLE_OBJC_WEAK = YES;
				CLANG_WARN_BLOCK_CAPTURE_AUTORELEASING = YES;
				CLANG_WARN_BOOL_CONVERSION = YES;
				CLANG_WARN_COMMA = YES;
				CLANG_WARN_CONSTANT_CONVERSION = YES;
				CLANG_WARN_DEPRECATED_OBJC_IMPLEMENTATIONS = YES;
				CLANG_WARN_DIRECT_OBJC_ISA_USAGE = YES_ERROR;
				CLANG_WARN_DOCUMENTATION_COMMENTS = YES;
				CLANG_WARN_EMPTY_BODY = YES;
				CLANG_WARN_ENUM_CONVERSION = YES;
				CLANG_WARN_INFINITE_RECURSION = YES;
				CLANG_WARN_INT_CONVERSION = YES;
				CLANG_WARN_NON_LITERAL_NULL_CONVERSION = YES;
				CLANG_WARN_OBJC_IMPLICIT_RETAIN_SELF = YES;
				CLANG_WARN_OBJC_LITERAL_CONVERSION = YES;
				CLANG_WARN_OBJC_ROOT_CLASS = YES_ERROR;
				CLANG_WARN_QUOTED_INCLUDE_IN_FRAMEWORK_HEADER = YES;
				CLANG_WARN_RANGE_LOOP_ANALYSIS = YES;
				CLANG_WARN_STRICT_PROTOTYPES = YES;
				CLANG_WARN_SUSPICIOUS_MOVE = YES;
				CLANG_WARN_UNGUARDED_AVAILABILITY = YES_AGGRESSIVE;
				CLANG_WARN_UNREACHABLE_CODE = YES;
				CLANG_WARN__DUPLICATE_METHOD_MATCH = YES;
				COPY_PHASE_STRIP = NO;
				DEBUG_INFORMATION_FORMAT = "dwarf-with-dsym";
				ENABLE_NS_ASSERTIONS = NO;
				ENABLE_STRICT_OBJC_MSGSEND = YES;
				GCC_C_LANGUAGE_STANDARD = gnu11;
				GCC_NO_COMMON_BLOCKS = YES;
				GCC_WARN_64_TO_32_BIT_CONVERSION = YES;
				GCC_WARN_ABOUT_RETURN_TYPE = YES_ERROR;
				GCC_WARN_UNDECLARED_SELECTOR = YES;
				GCC_WARN_UNINITIALIZED_AUTOS = YES_AGGRESSIVE;
				GCC_WARN_UNUSED_FUNCTION = YES;
				GCC_WARN_UNUSED_VARIABLE = YES;
				IPHONEOS_DEPLOYMENT_TARGET = 15.4;
				MTL_ENABLE_DEBUG_INFO = NO;
				MTL_FAST_MATH = YES;
				SDKROOT = iphoneos;
				SWIFT_COMPILATION_MODE = wholemodule;
				SWIFT_OPTIMIZATION_LEVEL = "-O";
				VALIDATE_PRODUCT = YES;
			};
			name = Release;
		};
		20D49CDD287E96300046E07D /* Debug */ = {
			isa = XCBuildConfiguration;
			buildSettings = {
				ASSETCATALOG_COMPILER_APPICON_NAME = AppIcon;
				ASSETCATALOG_COMPILER_GLOBAL_ACCENT_COLOR_NAME = AccentColor;
				CODE_SIGN_STYLE = Automatic;
				CURRENT_PROJECT_VERSION = 1;
				GENERATE_INFOPLIST_FILE = YES;
				INFOPLIST_FILE = CollectionViewDynamicSize/Info.plist;
				INFOPLIST_KEY_UIApplicationSupportsIndirectInputEvents = YES;
				INFOPLIST_KEY_UILaunchStoryboardName = LaunchScreen;
				INFOPLIST_KEY_UIMainStoryboardFile = Main;
				INFOPLIST_KEY_UISupportedInterfaceOrientations_iPad = "UIInterfaceOrientationPortrait UIInterfaceOrientationPortraitUpsideDown UIInterfaceOrientationLandscapeLeft UIInterfaceOrientationLandscapeRight";
				INFOPLIST_KEY_UISupportedInterfaceOrientations_iPhone = "UIInterfaceOrientationPortrait UIInterfaceOrientationLandscapeLeft UIInterfaceOrientationLandscapeRight";
				LD_RUNPATH_SEARCH_PATHS = (
					"$(inherited)",
					"@executable_path/Frameworks",
				);
				MARKETING_VERSION = 1.0;
				PRODUCT_BUNDLE_IDENTIFIER = cse.mobarak.CollectionViewDynamicSize;
				PRODUCT_NAME = "$(TARGET_NAME)";
				SWIFT_EMIT_LOC_STRINGS = YES;
				SWIFT_VERSION = 5.0;
				TARGETED_DEVICE_FAMILY = "1,2";
			};
			name = Debug;
		};
		20D49CDE287E96300046E07D /* Release */ = {
			isa = XCBuildConfiguration;
			buildSettings = {
				ASSETCATALOG_COMPILER_APPICON_NAME = AppIcon;
				ASSETCATALOG_COMPILER_GLOBAL_ACCENT_COLOR_NAME = AccentColor;
				CODE_SIGN_STYLE = Automatic;
				CURRENT_PROJECT_VERSION = 1;
				GENERATE_INFOPLIST_FILE = YES;
				INFOPLIST_FILE = CollectionViewDynamicSize/Info.plist;
				INFOPLIST_KEY_UIApplicationSupportsIndirectInputEvents = YES;
				INFOPLIST_KEY_UILaunchStoryboardName = LaunchScreen;
				INFOPLIST_KEY_UIMainStoryboardFile = Main;
				INFOPLIST_KEY_UISupportedInterfaceOrientations_iPad = "UIInterfaceOrientationPortrait UIInterfaceOrientationPortraitUpsideDown UIInterfaceOrientationLandscapeLeft UIInterfaceOrientationLandscapeRight";
				INFOPLIST_KEY_UISupportedInterfaceOrientations_iPhone = "UIInterfaceOrientationPortrait UIInterfaceOrientationLandscapeLeft UIInterfaceOrientationLandscapeRight";
				LD_RUNPATH_SEARCH_PATHS = (
					"$(inherited)",
					"@executable_path/Frameworks",
				);
				MARKETING_VERSION = 1.0;
				PRODUCT_BUNDLE_IDENTIFIER = cse.mobarak.CollectionViewDynamicSize;
				PRODUCT_NAME = "$(TARGET_NAME)";
				SWIFT_EMIT_LOC_STRINGS = YES;
				SWIFT_VERSION = 5.0;
				TARGETED_DEVICE_FAMILY = "1,2";
			};
			name = Release;
		};
/* End XCBuildConfiguration section */

/* Begin XCConfigurationList section */
		20D49CC3287E962F0046E07D /* Build configuration list for PBXProject "CollectionViewDynamicSize" */ = {
			isa = XCConfigurationList;
			buildConfigurations = (
				20D49CDA287E96300046E07D /* Debug */,
				20D49CDB287E96300046E07D /* Release */,
			);
			defaultConfigurationIsVisible = 0;
			defaultConfigurationName = Release;
		};
		20D49CDC287E96300046E07D /* Build configuration list for PBXNativeTarget "CollectionViewDynamicSize" */ = {
			isa = XCConfigurationList;
			buildConfigurations = (
				20D49CDD287E96300046E07D /* Debug */,
				20D49CDE287E96300046E07D /* Release */,
			);
			defaultConfigurationIsVisible = 0;
			defaultConfigurationName = Release;
		};
/* End XCConfigurationList section */
	};
	rootObject = 20D49CC0287E962F0046E07D /* Project object */;
}
